
Microsoft Visual Studio Solution File, Format Version 12.00
# Visual Studio Version 17
VisualStudioVersion = 17.14.36221.1 d17.14
MinimumVisualStudioVersion = 10.0.40219.1
Project("{FAE04EC0-301F-11D3-BF4B-00C04F79EFBC}") = "currencyConverter", "currencyConverter.csproj", "{5835006D-1B78-42A8-93A5-61F56BE78D05}"
EndProject
Global
	GlobalSection(SolutionConfigurationPlatforms) = preSolution
		Debug|Any CPU = Debug|Any CPU
		Release|Any CPU = Release|Any CPU
	EndGlobalSection
	GlobalSection(ProjectConfigurationPlatforms) = postSolution
		{5835006D-1B78-42A8-93A5-61F56BE78D05}.Debug|Any CPU.ActiveCfg = Debug|Any CPU
		{5835006D-1B78-42A8-93A5-61F56BE78D05}.Debug|Any CPU.Build.0 = Debug|Any CPU
		{5835006D-1B78-42A8-93A5-61F56BE78D05}.Release|Any CPU.ActiveCfg = Release|Any CPU
		{5835006D-1B78-42A8-93A5-61F56BE78D05}.Release|Any CPU.Build.0 = Release|Any CPU
	EndGlobalSection
	GlobalSection(SolutionProperties) = preSolution
		HideSolutionNode = FALSE
	EndGlobalSection
	GlobalSection(ExtensibilityGlobals) = postSolution
		SolutionGuid = {8F0AAE7C-D8B1-408E-92AF-2F4A1B390EA5}
	EndGlobalSection
EndGlobal
